
Microsoft Visual Studio Solution File, Format Version 12.00
# Visual Studio Version 17
VisualStudioVersion = 17.6.33815.320
MinimumVisualStudioVersion = 10.0.40219.1
Project("{FAE04EC0-301F-11D3-BF4B-00C04F79EFBC}") = "AspDotNetWebApp", "AspDotNetWebApp\AspDotNetWebApp.csproj", "{D130BA51-6F98-4DBA-BD01-509B60693679}"
EndProject
Global
	GlobalSection(SolutionConfigurationPlatforms) = preSolution
		Debug|Any CPU = Debug|Any CPU
		Release|Any CPU = Release|Any CPU
	EndGlobalSection
	GlobalSection(ProjectConfigurationPlatforms) = postSolution
		{D130BA51-6F98-4DBA-BD01-509B60693679}.Debug|Any CPU.ActiveCfg = Debug|Any CPU
		{D130BA51-6F98-4DBA-BD01-509B60693679}.Debug|Any CPU.Build.0 = Debug|Any CPU
		{D130BA51-6F98-4DBA-BD01-509B60693679}.Release|Any CPU.ActiveCfg = Release|Any CPU
		{D130BA51-6F98-4DBA-BD01-509B60693679}.Release|Any CPU.Build.0 = Release|Any CPU
	EndGlobalSection
	GlobalSection(SolutionProperties) = preSolution
		HideSolutionNode = FALSE
	EndGlobalSection
	GlobalSection(ExtensibilityGlobals) = postSolution
		SolutionGuid = {1CC8CD37-442D-4056-BF61-75D7C0AB30E3}
	EndGlobalSection
EndGlobal
